// !$*UTF8*$!
{
	archiveVersion = 1;
	classes = {
	};
	objectVersion = 46;
	objects = {

/* Begin PBXBuildFile section */
		307AB5C71F2FB8DC0020EF15 /* AppDelegate.swift in Sources */ = {isa = PBXBuildFile; fileRef = 307AB5C61F2FB8DC0020EF15 /* AppDelegate.swift */; };
		307AB5CC1F2FB8DC0020EF15 /* Main.storyboard in Resources */ = {isa = PBXBuildFile; fileRef = 307AB5CA1F2FB8DC0020EF15 /* Main.storyboard */; };
		307AB5CE1F2FB8DC0020EF15 /* Assets.xcassets in Resources */ = {isa = PBXBuildFile; fileRef = 307AB5CD1F2FB8DC0020EF15 /* Assets.xcassets */; };
		307AB5D11F2FB8DC0020EF15 /* LaunchScreen.storyboard in Resources */ = {isa = PBXBuildFile; fileRef = 307AB5CF1F2FB8DC0020EF15 /* LaunchScreen.storyboard */; };
		307AB5D91F2FB9AF0020EF15 /* ResultsViewController.swift in Sources */ = {isa = PBXBuildFile; fileRef = 307AB5D81F2FB9AF0020EF15 /* ResultsViewController.swift */; };
		307AB5DB1F2FBB420020EF15 /* Song.swift in Sources */ = {isa = PBXBuildFile; fileRef = 307AB5DA1F2FBB420020EF15 /* Song.swift */; };
		307AB5DD1F2FCB4C0020EF15 /* DataManage.swift in Sources */ = {isa = PBXBuildFile; fileRef = 307AB5DC1F2FCB4C0020EF15 /* DataManage.swift */; };
		307AB5DF1F2FDE350020EF15 /* SongTableViewCell.swift in Sources */ = {isa = PBXBuildFile; fileRef = 307AB5DE1F2FDE350020EF15 /* SongTableViewCell.swift */; };
		307AB5E11F306AA90020EF15 /* DetailViewController.swift in Sources */ = {isa = PBXBuildFile; fileRef = 307AB5E01F306AA90020EF15 /* DetailViewController.swift */; };
		30A4F8E11F311EE5000DB2C2 /* SortOptionsTableViewController.swift in Sources */ = {isa = PBXBuildFile; fileRef = 30A4F8E01F311EE5000DB2C2 /* SortOptionsTableViewController.swift */; };
/* End PBXBuildFile section */

/* Begin PBXFileReference section */
		307AB5C31F2FB8DC0020EF15 /* itunes.app */ = {isa = PBXFileReference; explicitFileType = wrapper.application; includeInIndex = 0; path = itunes.app; sourceTree = BUILT_PRODUCTS_DIR; };
		307AB5C61F2FB8DC0020EF15 /* AppDelegate.swift */ = {isa = PBXFileReference; lastKnownFileType = sourcecode.swift; path = AppDelegate.swift; sourceTree = "<group>"; };
		307AB5CB1F2FB8DC0020EF15 /* Base */ = {isa = PBXFileReference; lastKnownFileType = file.storyboard; name = Base; path = Base.lproj/Main.storyboard; sourceTree = "<group>"; };
		307AB5CD1F2FB8DC0020EF15 /* Assets.xcassets */ = {isa = PBXFileReference; lastKnownFileType = folder.assetcatalog; path = Assets.xcassets; sourceTree = "<group>"; };
		307AB5D01F2FB8DC0020EF15 /* Base */ = {isa = PBXFileReference; lastKnownFileType = file.storyboard; name = Base; path = Base.lproj/LaunchScreen.storyboard; sourceTree = "<group>"; };
		307AB5D21F2FB8DC0020EF15 /* Info.plist */ = {isa = PBXFileReference; lastKnownFileType = text.plist.xml; path = Info.plist; sourceTree = "<group>"; };
		307AB5D81F2FB9AF0020EF15 /* ResultsViewController.swift */ = {isa = PBXFileReference; fileEncoding = 4; lastKnownFileType = sourcecode.swift; path = ResultsViewController.swift; sourceTree = "<group>"; };
		307AB5DA1F2FBB420020EF15 /* Song.swift */ = {isa = PBXFileReference; fileEncoding = 4; lastKnownFileType = sourcecode.swift; path = Song.swift; sourceTree = "<group>"; };
		307AB5DC1F2FCB4C0020EF15 /* DataManage.swift */ = {isa = PBXFileReference; fileEncoding = 4; lastKnownFileType = sourcecode.swift; path = DataManage.swift; sourceTree = "<group>"; };
		307AB5DE1F2FDE350020EF15 /* SongTableViewCell.swift */ = {isa = PBXFileReference; fileEncoding = 4; lastKnownFileType = sourcecode.swift; path = SongTableViewCell.swift; sourceTree = "<group>"; };
		307AB5E01F306AA90020EF15 /* DetailViewController.swift */ = {isa = PBXFileReference; fileEncoding = 4; lastKnownFileType = sourcecode.swift; path = DetailViewController.swift; sourceTree = "<group>"; };
		30A4F8E01F311EE5000DB2C2 /* SortOptionsTableViewController.swift */ = {isa = PBXFileReference; fileEncoding = 4; lastKnownFileType = sourcecode.swift; path = SortOptionsTableViewController.swift; sourceTree = "<group>"; };
/* End PBXFileReference section */

/* Begin PBXFrameworksBuildPhase section */
		307AB5C01F2FB8DC0020EF15 /* Frameworks */ = {
			isa = PBXFrameworksBuildPhase;
			buildActionMask = 2147483647;
			files = (
			);
			runOnlyForDeploymentPostprocessing = 0;
		};
/* End PBXFrameworksBuildPhase section */

/* Begin PBXGroup section */
		307AB5BA1F2FB8DC0020EF15 = {
			isa = PBXGroup;
			children = (
				307AB5C51F2FB8DC0020EF15 /* itunes */,
				307AB5C41F2FB8DC0020EF15 /* Products */,
			);
			sourceTree = "<group>";
		};
		307AB5C41F2FB8DC0020EF15 /* Products */ = {
			isa = PBXGroup;
			children = (
				307AB5C31F2FB8DC0020EF15 /* itunes.app */,
			);
			name = Products;
			sourceTree = "<group>";
		};
		307AB5C51F2FB8DC0020EF15 /* itunes */ = {
			isa = PBXGroup;
			children = (
				30A4F8E41F314131000DB2C2 /* Controller */,
				30A4F8E31F31412D000DB2C2 /* View */,
				30A4F8E21F314128000DB2C2 /* Model */,
				307AB5C61F2FB8DC0020EF15 /* AppDelegate.swift */,
				307AB5CD1F2FB8DC0020EF15 /* Assets.xcassets */,
				307AB5D21F2FB8DC0020EF15 /* Info.plist */,
			);
			path = itunes;
			sourceTree = "<group>";
		};
		30A4F8E21F314128000DB2C2 /* Model */ = {
			isa = PBXGroup;
			children = (
				307AB5DE1F2FDE350020EF15 /* SongTableViewCell.swift */,
				307AB5DA1F2FBB420020EF15 /* Song.swift */,
				307AB5DC1F2FCB4C0020EF15 /* DataManage.swift */,
			);
			name = Model;
			sourceTree = "<group>";
		};
		30A4F8E31F31412D000DB2C2 /* View */ = {
			isa = PBXGroup;
			children = (
				307AB5CA1F2FB8DC0020EF15 /* Main.storyboard */,
				307AB5CF1F2FB8DC0020EF15 /* LaunchScreen.storyboard */,
			);
			name = View;
			sourceTree = "<group>";
		};
		30A4F8E41F314131000DB2C2 /* Controller */ = {
			isa = PBXGroup;
			children = (
				307AB5D81F2FB9AF0020EF15 /* ResultsViewController.swift */,
				307AB5E01F306AA90020EF15 /* DetailViewController.swift */,
				30A4F8E01F311EE5000DB2C2 /* SortOptionsTableViewController.swift */,
			);
			name = Controller;
			sourceTree = "<group>";
		};
/* End PBXGroup section */

/* Begin PBXNativeTarget section */
		307AB5C21F2FB8DC0020EF15 /* itunes */ = {
			isa = PBXNativeTarget;
			buildConfigurationList = 307AB5D51F2FB8DC0020EF15 /* Build configuration list for PBXNativeTarget "itunes" */;
			buildPhases = (
				307AB5BF1F2FB8DC0020EF15 /* Sources */,
				307AB5C01F2FB8DC0020EF15 /* Frameworks */,
				307AB5C11F2FB8DC0020EF15 /* Resources */,
			);
			buildRules = (
			);
			dependencies = (
			);
			name = itunes;
			productName = itunes;
			productReference = 307AB5C31F2FB8DC0020EF15 /* itunes.app */;
			productType = "com.apple.product-type.application";
		};
/* End PBXNativeTarget section */

/* Begin PBXProject section */
		307AB5BB1F2FB8DC0020EF15 /* Project object */ = {
			isa = PBXProject;
			attributes = {
				LastSwiftUpdateCheck = 0830;
				LastUpgradeCheck = 0830;
				TargetAttributes = {
					307AB5C21F2FB8DC0020EF15 = {
						CreatedOnToolsVersion = 8.3.3;
						DevelopmentTeam = 644429XKT2;
						ProvisioningStyle = Automatic;
						SystemCapabilities = {
							com.apple.BackgroundModes = {
								enabled = 1;
							};
						};
					};
				};
			};
			buildConfigurationList = 307AB5BE1F2FB8DC0020EF15 /* Build configuration list for PBXProject "itunes" */;
			compatibilityVersion = "Xcode 3.2";
			developmentRegion = English;
			hasScannedForEncodings = 0;
			knownRegions = (
				en,
				Base,
			);
			mainGroup = 307AB5BA1F2FB8DC0020EF15;
			productRefGroup = 307AB5C41F2FB8DC0020EF15 /* Products */;
			projectDirPath = "";
			projectRoot = "";
			targets = (
				307AB5C21F2FB8DC0020EF15 /* itunes */,
			);
		};
/* End PBXProject section */

/* Begin PBXResourcesBuildPhase section */
		307AB5C11F2FB8DC0020EF15 /* Resources */ = {
			isa = PBXResourcesBuildPhase;
			buildActionMask = 2147483647;
			files = (
				307AB5D11F2FB8DC0020EF15 /* LaunchScreen.storyboard in Resources */,
				307AB5CE1F2FB8DC0020EF15 /* Assets.xcassets in Resources */,
				307AB5CC1F2FB8DC0020EF15 /* Main.storyboard in Resources */,
			);
			runOnlyForDeploymentPostprocessing = 0;
		};
/* End PBXResourcesBuildPhase section */

/* Begin PBXSourcesBuildPhase section */
		307AB5BF1F2FB8DC0020EF15 /* Sources */ = {
			isa = PBXSourcesBuildPhase;
			buildActionMask = 2147483647;
			files = (
				307AB5DB1F2FBB420020EF15 /* Song.swift in Sources */,
				30A4F8E11F311EE5000DB2C2 /* SortOptionsTableViewController.swift in Sources */,
				307AB5C71F2FB8DC0020EF15 /* AppDelegate.swift in Sources */,
				307AB5DF1F2FDE350020EF15 /* SongTableViewCell.swift in Sources */,
				307AB5E11F306AA90020EF15 /* DetailViewController.swift in Sources */,
				307AB5DD1F2FCB4C0020EF15 /* DataManage.swift in Sources */,
				307AB5D91F2FB9AF0020EF15 /* ResultsViewController.swift in Sources */,
			);
			runOnlyForDeploymentPostprocessing = 0;
		};
/* End PBXSourcesBuildPhase section */

/* Begin PBXVariantGroup section */
		307AB5CA1F2FB8DC0020EF15 /* Main.storyboard */ = {
			isa = PBXVariantGroup;
			children = (
				307AB5CB1F2FB8DC0020EF15 /* Base */,
			);
			name = Main.storyboard;
			sourceTree = "<group>";
		};
		307AB5CF1F2FB8DC0020EF15 /* LaunchScreen.storyboard */ = {
			isa = PBXVariantGroup;
			children = (
				307AB5D01F2FB8DC0020EF15 /* Base */,
			);
			name = LaunchScreen.storyboard;
			sourceTree = "<group>";
		};
/* End PBXVariantGroup section */

/* Begin XCBuildConfiguration section */
		307AB5D31F2FB8DC0020EF15 /* Debug */ = {
			isa = XCBuildConfiguration;
			buildSettings = {
				ALWAYS_SEARCH_USER_PATHS = NO;
				CLANG_ANALYZER_NONNULL = YES;
				CLANG_ANALYZER_NUMBER_OBJECT_CONVERSION = YES_AGGRESSIVE;
				CLANG_CXX_LANGUAGE_STANDARD = "gnu++0x";
				CLANG_CXX_LIBRARY = "libc++";
				CLANG_ENABLE_MODULES = YES;
				CLANG_ENABLE_OBJC_ARC = YES;
				CLANG_WARN_BOOL_CONVERSION = YES;
				CLANG_WARN_CONSTANT_CONVERSION = YES;
				CLANG_WARN_DIRECT_OBJC_ISA_USAGE = YES_ERROR;
				CLANG_WARN_DOCUMENTATION_COMMENTS = YES;
				CLANG_WARN_EMPTY_BODY = YES;
				CLANG_WARN_ENUM_CONVERSION = YES;
				CLANG_WARN_INFINITE_RECURSION = YES;
				CLANG_WARN_INT_CONVERSION = YES;
				CLANG_WARN_OBJC_ROOT_CLASS = YES_ERROR;
				CLANG_WARN_SUSPICIOUS_MOVE = YES;
				CLANG_WARN_UNREACHABLE_CODE = YES;
				CLANG_WARN__DUPLICATE_METHOD_MATCH = YES;
				"CODE_SIGN_IDENTITY[sdk=iphoneos*]" = "iPhone Developer";
				COPY_PHASE_STRIP = NO;
				DEBUG_INFORMATION_FORMAT = dwarf;
				ENABLE_STRICT_OBJC_MSGSEND = YES;
				ENABLE_TESTABILITY = YES;
				GCC_C_LANGUAGE_STANDARD = gnu99;
				GCC_DYNAMIC_NO_PIC = NO;
				GCC_NO_COMMON_BLOCKS = YES;
				GCC_OPTIMIZATION_LEVEL = 0;
				GCC_PREPROCESSOR_DEFINITIONS = (
					"DEBUG=1",
					"$(inherited)",
				);
				GCC_WARN_64_TO_32_BIT_CONVERSION = YES;
				GCC_WARN_ABOUT_RETURN_TYPE = YES_ERROR;
				GCC_WARN_UNDECLARED_SELECTOR = YES;
				GCC_WARN_UNINITIALIZED_AUTOS = YES_AGGRESSIVE;
				GCC_WARN_UNUSED_FUNCTION = YES;
				GCC_WARN_UNUSED_VARIABLE = YES;
				IPHONEOS_DEPLOYMENT_TARGET = 10.3;
				MTL_ENABLE_DEBUG_INFO = YES;
				ONLY_ACTIVE_ARCH = YES;
				SDKROOT = iphoneos;
				SWIFT_ACTIVE_COMPILATION_CONDITIONS = DEBUG;
				SWIFT_OPTIMIZATION_LEVEL = "-Onone";
			};
			name = Debug;
		};
		307AB5D41F2FB8DC0020EF15 /* Release */ = {
			isa = XCBuildConfiguration;
			buildSettings = {
				ALWAYS_SEARCH_USER_PATHS = NO;
				CLANG_ANALYZER_NONNULL = YES;
				CLANG_ANALYZER_NUMBER_OBJECT_CONVERSION = YES_AGGRESSIVE;
				CLANG_CXX_LANGUAGE_STANDARD = "gnu++0x";
				CLANG_CXX_LIBRARY = "libc++";
				CLANG_ENABLE_MODULES = YES;
				CLANG_ENABLE_OBJC_ARC = YES;
				CLANG_WARN_BOOL_CONVERSION = YES;
				CLANG_WARN_CONSTANT_CONVERSION = YES;
				CLANG_WARN_DIRECT_OBJC_ISA_USAGE = YES_ERROR;
				CLANG_WARN_DOCUMENTATION_COMMENTS = YES;
				CLANG_WARN_EMPTY_BODY = YES;
				CLANG_WARN_ENUM_CONVERSION = YES;
				CLANG_WARN_INFINITE_RECURSION = YES;
				CLANG_WARN_INT_CONVERSION = YES;
				CLANG_WARN_OBJC_ROOT_CLASS = YES_ERROR;
				CLANG_WARN_SUSPICIOUS_MOVE = YES;
				CLANG_WARN_UNREACHABLE_CODE = YES;
				CLANG_WARN__DUPLICATE_METHOD_MATCH = YES;
				"CODE_SIGN_IDENTITY[sdk=iphoneos*]" = "iPhone Developer";
				COPY_PHASE_STRIP = NO;
				DEBUG_INFORMATION_FORMAT = "dwarf-with-dsym";
				ENABLE_NS_ASSERTIONS = NO;
				ENABLE_STRICT_OBJC_MSGSEND = YES;
				GCC_C_LANGUAGE_STANDARD = gnu99;
				GCC_NO_COMMON_BLOCKS = YES;
				GCC_WARN_64_TO_32_BIT_CONVERSION = YES;
				GCC_WARN_ABOUT_RETURN_TYPE = YES_ERROR;
				GCC_WARN_UNDECLARED_SELECTOR = YES;
				GCC_WARN_UNINITIALIZED_AUTOS = YES_AGGRESSIVE;
				GCC_WARN_UNUSED_FUNCTION = YES;
				GCC_WARN_UNUSED_VARIABLE = YES;
				IPHONEOS_DEPLOYMENT_TARGET = 10.3;
				MTL_ENABLE_DEBUG_INFO = NO;
				SDKROOT = iphoneos;
				SWIFT_OPTIMIZATION_LEVEL = "-Owholemodule";
				VALIDATE_PRODUCT = YES;
			};
			name = Release;
		};
		307AB5D61F2FB8DC0020EF15 /* Debug */ = {
			isa = XCBuildConfiguration;
			buildSettings = {
				ASSETCATALOG_COMPILER_APPICON_NAME = AppIcon;
				DEVELOPMENT_TEAM = 644429XKT2;
				INFOPLIST_FILE = itunes/Info.plist;
				LD_RUNPATH_SEARCH_PATHS = "$(inherited) @executable_path/Frameworks";
				PRODUCT_BUNDLE_IDENTIFIER = com.prueba.itunes;
				PRODUCT_NAME = "$(TARGET_NAME)";
				SWIFT_VERSION = 3.0;
			};
			name = Debug;
		};
		307AB5D71F2FB8DC0020EF15 /* Release */ = {
			isa = XCBuildConfiguration;
			buildSettings = {
				ASSETCATALOG_COMPILER_APPICON_NAME = AppIcon;
				DEVELOPMENT_TEAM = 644429XKT2;
				INFOPLIST_FILE = itunes/Info.plist;
				LD_RUNPATH_SEARCH_PATHS = "$(inherited) @executable_path/Frameworks";
				PRODUCT_BUNDLE_IDENTIFIER = com.prueba.itunes;
				PRODUCT_NAME = "$(TARGET_NAME)";
				SWIFT_VERSION = 3.0;
			};
			name = Release;
		};
/* End XCBuildConfiguration section */

/* Begin XCConfigurationList section */
		307AB5BE1F2FB8DC0020EF15 /* Build configuration list for PBXProject "itunes" */ = {
			isa = XCConfigurationList;
			buildConfigurations = (
				307AB5D31F2FB8DC0020EF15 /* Debug */,
				307AB5D41F2FB8DC0020EF15 /* Release */,
			);
			defaultConfigurationIsVisible = 0;
			defaultConfigurationName = Release;
		};
		307AB5D51F2FB8DC0020EF15 /* Build configuration list for PBXNativeTarget "itunes" */ = {
			isa = XCConfigurationList;
			buildConfigurations = (
				307AB5D61F2FB8DC0020EF15 /* Debug */,
				307AB5D71F2FB8DC0020EF15 /* Release */,
			);
			defaultConfigurationIsVisible = 0;
			defaultConfigurationName = Release;
		};
/* End XCConfigurationList section */
	};
	rootObject = 307AB5BB1F2FB8DC0020EF15 /* Project object */;
}
